schema: '2.0'
stages:
  train_model:
    cmd: python src/train.py
    deps:
    - path: data/train/
      hash: md5
      md5: 83234c92aff446a5269423cbefa333d5.dir
      size: 15391191
      nfiles: 949
    outs:
    - path: models/cnn_resnet18_freeze_backbone_False.pth
      hash: md5
      md5: 6d363415bcd5e18861214fd748c02ac9
      size: 44792136
